// !$*UTF8*$!
{
	archiveVersion = 1;
	classes = {
	};
	objectVersion = 55;
	objects = {

/* Begin PBXBuildFile section */
		4000266FB5353CFBECF822C0 /* RestaurantListCellViewModel.swift in Sources */ = {isa = PBXBuildFile; fileRef = 400025FFBEB86917174967F9 /* RestaurantListCellViewModel.swift */; };
		400027445F1681C41C443AEB /* RestaurantListViewModel.swift in Sources */ = {isa = PBXBuildFile; fileRef = 400028F99298F99B7A3014D5 /* RestaurantListViewModel.swift */; };
		400028502117CD602DD89092 /* RestaurantListPresenter.swift in Sources */ = {isa = PBXBuildFile; fileRef = 40002F0541085DF03D3F516C /* RestaurantListPresenter.swift */; };
		400029CD8B9F276F9A461D83 /* RestaurantListViewController.swift in Sources */ = {isa = PBXBuildFile; fileRef = 40002401179F9CB0A687E8B0 /* RestaurantListViewController.swift */; };
		40002A4185C7E7A405C8894C /* Router.swift in Sources */ = {isa = PBXBuildFile; fileRef = 40002A2745BA292145F1993C /* Router.swift */; };
		40002A9BD2EBF703143555C0 /* RestaurantListDataSource.swift in Sources */ = {isa = PBXBuildFile; fileRef = 40002734EFFA5D2A20ED8504 /* RestaurantListDataSource.swift */; };
		40002C0B03EBEEC67E41C0C0 /* RestaurantListSectionViewModel.swift in Sources */ = {isa = PBXBuildFile; fileRef = 40002A7A06E6D9E904EF5577 /* RestaurantListSectionViewModel.swift */; };
		684C59DA2839181100102994 /* example.json in Resources */ = {isa = PBXBuildFile; fileRef = 684C59D92839181100102994 /* example.json */; };
		684C59DC2839183700102994 /* AppEnvironment.swift in Sources */ = {isa = PBXBuildFile; fileRef = 684C59DB2839183700102994 /* AppEnvironment.swift */; };
		684C59DF283918D900102994 /* RestaurantListModule.swift in Sources */ = {isa = PBXBuildFile; fileRef = 684C59DE283918D900102994 /* RestaurantListModule.swift */; };
		6882F114283914FD003F64B4 /* AppDelegate.swift in Sources */ = {isa = PBXBuildFile; fileRef = 6882F113283914FD003F64B4 /* AppDelegate.swift */; };
		6882F11D28391505003F64B4 /* Assets.xcassets in Resources */ = {isa = PBXBuildFile; fileRef = 6882F11C28391505003F64B4 /* Assets.xcassets */; };
		6882F12028391505003F64B4 /* LaunchScreen.storyboard in Resources */ = {isa = PBXBuildFile; fileRef = 6882F11E28391505003F64B4 /* LaunchScreen.storyboard */; };
		6882F12B28391505003F64B4 /* RestorauntsAppTests.swift in Sources */ = {isa = PBXBuildFile; fileRef = 6882F12A28391505003F64B4 /* RestorauntsAppTests.swift */; };
/* End PBXBuildFile section */

/* Begin PBXContainerItemProxy section */
		6882F12728391505003F64B4 /* PBXContainerItemProxy */ = {
			isa = PBXContainerItemProxy;
			containerPortal = 6882F108283914FD003F64B4 /* Project object */;
			proxyType = 1;
			remoteGlobalIDString = 6882F10F283914FD003F64B4;
			remoteInfo = RestorauntsApp;
		};
		6882F13128391505003F64B4 /* PBXContainerItemProxy */ = {
			isa = PBXContainerItemProxy;
			containerPortal = 6882F108283914FD003F64B4 /* Project object */;
			proxyType = 1;
			remoteGlobalIDString = 6882F10F283914FD003F64B4;
			remoteInfo = RestorauntsApp;
		};
/* End PBXContainerItemProxy section */

/* Begin PBXFileReference section */
		40002401179F9CB0A687E8B0 /* RestaurantListViewController.swift */ = {isa = PBXFileReference; fileEncoding = 4; lastKnownFileType = sourcecode.swift; path = RestaurantListViewController.swift; sourceTree = "<group>"; };
		400025FFBEB86917174967F9 /* RestaurantListCellViewModel.swift */ = {isa = PBXFileReference; fileEncoding = 4; lastKnownFileType = sourcecode.swift; path = RestaurantListCellViewModel.swift; sourceTree = "<group>"; };
		40002734EFFA5D2A20ED8504 /* RestaurantListDataSource.swift */ = {isa = PBXFileReference; fileEncoding = 4; lastKnownFileType = sourcecode.swift; path = RestaurantListDataSource.swift; sourceTree = "<group>"; };
		400028F99298F99B7A3014D5 /* RestaurantListViewModel.swift */ = {isa = PBXFileReference; fileEncoding = 4; lastKnownFileType = sourcecode.swift; path = RestaurantListViewModel.swift; sourceTree = "<group>"; };
		40002A2745BA292145F1993C /* Router.swift */ = {isa = PBXFileReference; fileEncoding = 4; lastKnownFileType = sourcecode.swift; path = Router.swift; sourceTree = "<group>"; };
		40002A7A06E6D9E904EF5577 /* RestaurantListSectionViewModel.swift */ = {isa = PBXFileReference; fileEncoding = 4; lastKnownFileType = sourcecode.swift; path = RestaurantListSectionViewModel.swift; sourceTree = "<group>"; };
		40002F0541085DF03D3F516C /* RestaurantListPresenter.swift */ = {isa = PBXFileReference; fileEncoding = 4; lastKnownFileType = sourcecode.swift; path = RestaurantListPresenter.swift; sourceTree = "<group>"; };
		684C59D92839181100102994 /* example.json */ = {isa = PBXFileReference; fileEncoding = 4; lastKnownFileType = text.json; path = example.json; sourceTree = "<group>"; };
		684C59DB2839183700102994 /* AppEnvironment.swift */ = {isa = PBXFileReference; lastKnownFileType = sourcecode.swift; path = AppEnvironment.swift; sourceTree = "<group>"; };
		684C59DE283918D900102994 /* RestaurantListModule.swift */ = {isa = PBXFileReference; lastKnownFileType = sourcecode.swift; path = RestaurantListModule.swift; sourceTree = "<group>"; };
		6882F110283914FD003F64B4 /* RestorauntsApp.app */ = {isa = PBXFileReference; explicitFileType = wrapper.application; includeInIndex = 0; path = RestorauntsApp.app; sourceTree = BUILT_PRODUCTS_DIR; };
		6882F113283914FD003F64B4 /* AppDelegate.swift */ = {isa = PBXFileReference; lastKnownFileType = sourcecode.swift; path = AppDelegate.swift; sourceTree = "<group>"; };
		6882F11C28391505003F64B4 /* Assets.xcassets */ = {isa = PBXFileReference; lastKnownFileType = folder.assetcatalog; path = Assets.xcassets; sourceTree = "<group>"; };
		6882F11F28391505003F64B4 /* Base */ = {isa = PBXFileReference; lastKnownFileType = file.storyboard; name = Base; path = Base.lproj/LaunchScreen.storyboard; sourceTree = "<group>"; };
		6882F12128391505003F64B4 /* Info.plist */ = {isa = PBXFileReference; lastKnownFileType = text.plist.xml; path = Info.plist; sourceTree = "<group>"; };
		6882F12628391505003F64B4 /* RestorauntsAppTests.xctest */ = {isa = PBXFileReference; explicitFileType = wrapper.cfbundle; includeInIndex = 0; path = RestorauntsAppTests.xctest; sourceTree = BUILT_PRODUCTS_DIR; };
		6882F12A28391505003F64B4 /* RestorauntsAppTests.swift */ = {isa = PBXFileReference; lastKnownFileType = sourcecode.swift; path = RestorauntsAppTests.swift; sourceTree = "<group>"; };
		6882F13028391505003F64B4 /* RestorauntsAppUITests.xctest */ = {isa = PBXFileReference; explicitFileType = wrapper.cfbundle; includeInIndex = 0; path = RestorauntsAppUITests.xctest; sourceTree = BUILT_PRODUCTS_DIR; };
/* End PBXFileReference section */

/* Begin PBXFrameworksBuildPhase section */
		6882F10D283914FD003F64B4 /* Frameworks */ = {
			isa = PBXFrameworksBuildPhase;
			buildActionMask = 2147483647;
			files = (
			);
			runOnlyForDeploymentPostprocessing = 0;
		};
		6882F12328391505003F64B4 /* Frameworks */ = {
			isa = PBXFrameworksBuildPhase;
			buildActionMask = 2147483647;
			files = (
			);
			runOnlyForDeploymentPostprocessing = 0;
		};
		6882F12D28391505003F64B4 /* Frameworks */ = {
			isa = PBXFrameworksBuildPhase;
			buildActionMask = 2147483647;
			files = (
			);
			runOnlyForDeploymentPostprocessing = 0;
		};
/* End PBXFrameworksBuildPhase section */

/* Begin PBXGroup section */
		40002811822AAA02405292F8 /* Views */ = {
			isa = PBXGroup;
			children = (
			);
			path = Views;
			sourceTree = "<group>";
		};
		40002A75488471BA4E66C848 /* ViewModels */ = {
			isa = PBXGroup;
			children = (
				400028F99298F99B7A3014D5 /* RestaurantListViewModel.swift */,
				400025FFBEB86917174967F9 /* RestaurantListCellViewModel.swift */,
				40002A7A06E6D9E904EF5577 /* RestaurantListSectionViewModel.swift */,
			);
			path = ViewModels;
			sourceTree = "<group>";
		};
		40002E4102FFEC53BE1F12F6 /* View */ = {
			isa = PBXGroup;
			children = (
				40002401179F9CB0A687E8B0 /* RestaurantListViewController.swift */,
				40002A75488471BA4E66C848 /* ViewModels */,
				40002811822AAA02405292F8 /* Views */,
			);
			path = View;
			sourceTree = "<group>";
		};
		684C59D2283915E200102994 /* Modules */ = {
			isa = PBXGroup;
			children = (
				684C59DD283918B500102994 /* RestaurantListModule */,
			);
			path = Modules;
			sourceTree = "<group>";
		};
		684C59D42839161300102994 /* Shared */ = {
			isa = PBXGroup;
			children = (
				684C59DB2839183700102994 /* AppEnvironment.swift */,
				40002A2745BA292145F1993C /* Router.swift */,
			);
			path = Shared;
			sourceTree = "<group>";
		};
		684C59D82839181100102994 /* Data */ = {
			isa = PBXGroup;
			children = (
				684C59D92839181100102994 /* example.json */,
			);
			path = Data;
			sourceTree = "<group>";
		};
		684C59DD283918B500102994 /* RestaurantListModule */ = {
			isa = PBXGroup;
			children = (
				684C59DE283918D900102994 /* RestaurantListModule.swift */,
				40002F0541085DF03D3F516C /* RestaurantListPresenter.swift */,
				40002734EFFA5D2A20ED8504 /* RestaurantListDataSource.swift */,
				40002E4102FFEC53BE1F12F6 /* View */,
			);
			path = RestaurantListModule;
			sourceTree = "<group>";
		};
		6882F107283914FD003F64B4 = {
			isa = PBXGroup;
			children = (
				6882F112283914FD003F64B4 /* RestorauntsApp */,
				6882F12928391505003F64B4 /* RestorauntsAppTests */,
				6882F111283914FD003F64B4 /* Products */,
			);
			sourceTree = "<group>";
		};
		6882F111283914FD003F64B4 /* Products */ = {
			isa = PBXGroup;
			children = (
				6882F110283914FD003F64B4 /* RestorauntsApp.app */,
				6882F12628391505003F64B4 /* RestorauntsAppTests.xctest */,
				6882F13028391505003F64B4 /* RestorauntsAppUITests.xctest */,
			);
			name = Products;
			sourceTree = "<group>";
		};
		6882F112283914FD003F64B4 /* RestorauntsApp */ = {
			isa = PBXGroup;
			children = (
				684C59D82839181100102994 /* Data */,
				684C59D42839161300102994 /* Shared */,
				684C59D2283915E200102994 /* Modules */,
				6882F113283914FD003F64B4 /* AppDelegate.swift */,
				6882F11C28391505003F64B4 /* Assets.xcassets */,
				6882F11E28391505003F64B4 /* LaunchScreen.storyboard */,
				6882F12128391505003F64B4 /* Info.plist */,
			);
			path = RestorauntsApp;
			sourceTree = "<group>";
		};
		6882F12928391505003F64B4 /* RestorauntsAppTests */ = {
			isa = PBXGroup;
			children = (
				6882F12A28391505003F64B4 /* RestorauntsAppTests.swift */,
			);
			path = RestorauntsAppTests;
			sourceTree = "<group>";
		};
/* End PBXGroup section */

/* Begin PBXNativeTarget section */
		6882F10F283914FD003F64B4 /* RestorauntsApp */ = {
			isa = PBXNativeTarget;
			buildConfigurationList = 6882F13A28391505003F64B4 /* Build configuration list for PBXNativeTarget "RestorauntsApp" */;
			buildPhases = (
				6882F10C283914FD003F64B4 /* Sources */,
				6882F10D283914FD003F64B4 /* Frameworks */,
				6882F10E283914FD003F64B4 /* Resources */,
			);
			buildRules = (
			);
			dependencies = (
			);
			name = RestorauntsApp;
			productName = RestorauntsApp;
			productReference = 6882F110283914FD003F64B4 /* RestorauntsApp.app */;
			productType = "com.apple.product-type.application";
		};
		6882F12528391505003F64B4 /* RestorauntsAppTests */ = {
			isa = PBXNativeTarget;
			buildConfigurationList = 6882F13D28391505003F64B4 /* Build configuration list for PBXNativeTarget "RestorauntsAppTests" */;
			buildPhases = (
				6882F12228391505003F64B4 /* Sources */,
				6882F12328391505003F64B4 /* Frameworks */,
				6882F12428391505003F64B4 /* Resources */,
			);
			buildRules = (
			);
			dependencies = (
				6882F12828391505003F64B4 /* PBXTargetDependency */,
			);
			name = RestorauntsAppTests;
			productName = RestorauntsAppTests;
			productReference = 6882F12628391505003F64B4 /* RestorauntsAppTests.xctest */;
			productType = "com.apple.product-type.bundle.unit-test";
		};
		6882F12F28391505003F64B4 /* RestorauntsAppUITests */ = {
			isa = PBXNativeTarget;
			buildConfigurationList = 6882F14028391505003F64B4 /* Build configuration list for PBXNativeTarget "RestorauntsAppUITests" */;
			buildPhases = (
				6882F12C28391505003F64B4 /* Sources */,
				6882F12D28391505003F64B4 /* Frameworks */,
				6882F12E28391505003F64B4 /* Resources */,
			);
			buildRules = (
			);
			dependencies = (
				6882F13228391505003F64B4 /* PBXTargetDependency */,
			);
			name = RestorauntsAppUITests;
			productName = RestorauntsAppUITests;
			productReference = 6882F13028391505003F64B4 /* RestorauntsAppUITests.xctest */;
			productType = "com.apple.product-type.bundle.ui-testing";
		};
/* End PBXNativeTarget section */

/* Begin PBXProject section */
		6882F108283914FD003F64B4 /* Project object */ = {
			isa = PBXProject;
			attributes = {
				BuildIndependentTargetsInParallel = 1;
				LastSwiftUpdateCheck = 1340;
				LastUpgradeCheck = 1340;
				TargetAttributes = {
					6882F10F283914FD003F64B4 = {
						CreatedOnToolsVersion = 13.4;
					};
					6882F12528391505003F64B4 = {
						CreatedOnToolsVersion = 13.4;
						TestTargetID = 6882F10F283914FD003F64B4;
					};
					6882F12F28391505003F64B4 = {
						CreatedOnToolsVersion = 13.4;
						TestTargetID = 6882F10F283914FD003F64B4;
					};
				};
			};
			buildConfigurationList = 6882F10B283914FD003F64B4 /* Build configuration list for PBXProject "RestorauntsApp" */;
			compatibilityVersion = "Xcode 13.0";
			developmentRegion = en;
			hasScannedForEncodings = 0;
			knownRegions = (
				en,
				Base,
			);
			mainGroup = 6882F107283914FD003F64B4;
			productRefGroup = 6882F111283914FD003F64B4 /* Products */;
			projectDirPath = "";
			projectRoot = "";
			targets = (
				6882F10F283914FD003F64B4 /* RestorauntsApp */,
				6882F12528391505003F64B4 /* RestorauntsAppTests */,
				6882F12F28391505003F64B4 /* RestorauntsAppUITests */,
			);
		};
/* End PBXProject section */

/* Begin PBXResourcesBuildPhase section */
		6882F10E283914FD003F64B4 /* Resources */ = {
			isa = PBXResourcesBuildPhase;
			buildActionMask = 2147483647;
			files = (
				6882F12028391505003F64B4 /* LaunchScreen.storyboard in Resources */,
				6882F11D28391505003F64B4 /* Assets.xcassets in Resources */,
				684C59DA2839181100102994 /* example.json in Resources */,
			);
			runOnlyForDeploymentPostprocessing = 0;
		};
		6882F12428391505003F64B4 /* Resources */ = {
			isa = PBXResourcesBuildPhase;
			buildActionMask = 2147483647;
			files = (
			);
			runOnlyForDeploymentPostprocessing = 0;
		};
		6882F12E28391505003F64B4 /* Resources */ = {
			isa = PBXResourcesBuildPhase;
			buildActionMask = 2147483647;
			files = (
			);
			runOnlyForDeploymentPostprocessing = 0;
		};
/* End PBXResourcesBuildPhase section */

/* Begin PBXSourcesBuildPhase section */
		6882F10C283914FD003F64B4 /* Sources */ = {
			isa = PBXSourcesBuildPhase;
			buildActionMask = 2147483647;
			files = (
				6882F114283914FD003F64B4 /* AppDelegate.swift in Sources */,
				684C59DF283918D900102994 /* RestaurantListModule.swift in Sources */,
				684C59DC2839183700102994 /* AppEnvironment.swift in Sources */,
				400028502117CD602DD89092 /* RestaurantListPresenter.swift in Sources */,
				40002A9BD2EBF703143555C0 /* RestaurantListDataSource.swift in Sources */,
				400029CD8B9F276F9A461D83 /* RestaurantListViewController.swift in Sources */,
				400027445F1681C41C443AEB /* RestaurantListViewModel.swift in Sources */,
				4000266FB5353CFBECF822C0 /* RestaurantListCellViewModel.swift in Sources */,
				40002C0B03EBEEC67E41C0C0 /* RestaurantListSectionViewModel.swift in Sources */,
				40002A4185C7E7A405C8894C /* Router.swift in Sources */,
			);
			runOnlyForDeploymentPostprocessing = 0;
		};
		6882F12228391505003F64B4 /* Sources */ = {
			isa = PBXSourcesBuildPhase;
			buildActionMask = 2147483647;
			files = (
				6882F12B28391505003F64B4 /* RestorauntsAppTests.swift in Sources */,
			);
			runOnlyForDeploymentPostprocessing = 0;
		};
		6882F12C28391505003F64B4 /* Sources */ = {
			isa = PBXSourcesBuildPhase;
			buildActionMask = 2147483647;
			files = (
			);
			runOnlyForDeploymentPostprocessing = 0;
		};
/* End PBXSourcesBuildPhase section */

/* Begin PBXTargetDependency section */
		6882F12828391505003F64B4 /* PBXTargetDependency */ = {
			isa = PBXTargetDependency;
			target = 6882F10F283914FD003F64B4 /* RestorauntsApp */;
			targetProxy = 6882F12728391505003F64B4 /* PBXContainerItemProxy */;
		};
		6882F13228391505003F64B4 /* PBXTargetDependency */ = {
			isa = PBXTargetDependency;
			target = 6882F10F283914FD003F64B4 /* RestorauntsApp */;
			targetProxy = 6882F13128391505003F64B4 /* PBXContainerItemProxy */;
		};
/* End PBXTargetDependency section */

/* Begin PBXVariantGroup section */
		6882F11E28391505003F64B4 /* LaunchScreen.storyboard */ = {
			isa = PBXVariantGroup;
			children = (
				6882F11F28391505003F64B4 /* Base */,
			);
			name = LaunchScreen.storyboard;
			sourceTree = "<group>";
		};
/* End PBXVariantGroup section */

/* Begin XCBuildConfiguration section */
		6882F13828391505003F64B4 /* Debug */ = {
			isa = XCBuildConfiguration;
			buildSettings = {
				ALWAYS_SEARCH_USER_PATHS = NO;
				CLANG_ANALYZER_NONNULL = YES;
				CLANG_ANALYZER_NUMBER_OBJECT_CONVERSION = YES_AGGRESSIVE;
				CLANG_CXX_LANGUAGE_STANDARD = "gnu++17";
				CLANG_ENABLE_MODULES = YES;
				CLANG_ENABLE_OBJC_ARC = YES;
				CLANG_ENABLE_OBJC_WEAK = YES;
				CLANG_WARN_BLOCK_CAPTURE_AUTORELEASING = YES;
				CLANG_WARN_BOOL_CONVERSION = YES;
				CLANG_WARN_COMMA = YES;
				CLANG_WARN_CONSTANT_CONVERSION = YES;
				CLANG_WARN_DEPRECATED_OBJC_IMPLEMENTATIONS = YES;
				CLANG_WARN_DIRECT_OBJC_ISA_USAGE = YES_ERROR;
				CLANG_WARN_DOCUMENTATION_COMMENTS = YES;
				CLANG_WARN_EMPTY_BODY = YES;
				CLANG_WARN_ENUM_CONVERSION = YES;
				CLANG_WARN_INFINITE_RECURSION = YES;
				CLANG_WARN_INT_CONVERSION = YES;
				CLANG_WARN_NON_LITERAL_NULL_CONVERSION = YES;
				CLANG_WARN_OBJC_IMPLICIT_RETAIN_SELF = YES;
				CLANG_WARN_OBJC_LITERAL_CONVERSION = YES;
				CLANG_WARN_OBJC_ROOT_CLASS = YES_ERROR;
				CLANG_WARN_QUOTED_INCLUDE_IN_FRAMEWORK_HEADER = YES;
				CLANG_WARN_RANGE_LOOP_ANALYSIS = YES;
				CLANG_WARN_STRICT_PROTOTYPES = YES;
				CLANG_WARN_SUSPICIOUS_MOVE = YES;
				CLANG_WARN_UNGUARDED_AVAILABILITY = YES_AGGRESSIVE;
				CLANG_WARN_UNREACHABLE_CODE = YES;
				CLANG_WARN__DUPLICATE_METHOD_MATCH = YES;
				COPY_PHASE_STRIP = NO;
				DEBUG_INFORMATION_FORMAT = dwarf;
				ENABLE_STRICT_OBJC_MSGSEND = YES;
				ENABLE_TESTABILITY = YES;
				GCC_C_LANGUAGE_STANDARD = gnu11;
				GCC_DYNAMIC_NO_PIC = NO;
				GCC_NO_COMMON_BLOCKS = YES;
				GCC_OPTIMIZATION_LEVEL = 0;
				GCC_PREPROCESSOR_DEFINITIONS = (
					"DEBUG=1",
					"$(inherited)",
				);
				GCC_WARN_64_TO_32_BIT_CONVERSION = YES;
				GCC_WARN_ABOUT_RETURN_TYPE = YES_ERROR;
				GCC_WARN_UNDECLARED_SELECTOR = YES;
				GCC_WARN_UNINITIALIZED_AUTOS = YES_AGGRESSIVE;
				GCC_WARN_UNUSED_FUNCTION = YES;
				GCC_WARN_UNUSED_VARIABLE = YES;
				IPHONEOS_DEPLOYMENT_TARGET = 15.5;
				MTL_ENABLE_DEBUG_INFO = INCLUDE_SOURCE;
				MTL_FAST_MATH = YES;
				ONLY_ACTIVE_ARCH = YES;
				SDKROOT = iphoneos;
				SWIFT_ACTIVE_COMPILATION_CONDITIONS = DEBUG;
				SWIFT_OPTIMIZATION_LEVEL = "-Onone";
			};
			name = Debug;
		};
		6882F13928391505003F64B4 /* Release */ = {
			isa = XCBuildConfiguration;
			buildSettings = {
				ALWAYS_SEARCH_USER_PATHS = NO;
				CLANG_ANALYZER_NONNULL = YES;
				CLANG_ANALYZER_NUMBER_OBJECT_CONVERSION = YES_AGGRESSIVE;
				CLANG_CXX_LANGUAGE_STANDARD = "gnu++17";
				CLANG_ENABLE_MODULES = YES;
				CLANG_ENABLE_OBJC_ARC = YES;
				CLANG_ENABLE_OBJC_WEAK = YES;
				CLANG_WARN_BLOCK_CAPTURE_AUTORELEASING = YES;
				CLANG_WARN_BOOL_CONVERSION = YES;
				CLANG_WARN_COMMA = YES;
				CLANG_WARN_CONSTANT_CONVERSION = YES;
				CLANG_WARN_DEPRECATED_OBJC_IMPLEMENTATIONS = YES;
				CLANG_WARN_DIRECT_OBJC_ISA_USAGE = YES_ERROR;
				CLANG_WARN_DOCUMENTATION_COMMENTS = YES;
				CLANG_WARN_EMPTY_BODY = YES;
				CLANG_WARN_ENUM_CONVERSION = YES;
				CLANG_WARN_INFINITE_RECURSION = YES;
				CLANG_WARN_INT_CONVERSION = YES;
				CLANG_WARN_NON_LITERAL_NULL_CONVERSION = YES;
				CLANG_WARN_OBJC_IMPLICIT_RETAIN_SELF = YES;
				CLANG_WARN_OBJC_LITERAL_CONVERSION = YES;
				CLANG_WARN_OBJC_ROOT_CLASS = YES_ERROR;
				CLANG_WARN_QUOTED_INCLUDE_IN_FRAMEWORK_HEADER = YES;
				CLANG_WARN_RANGE_LOOP_ANALYSIS = YES;
				CLANG_WARN_STRICT_PROTOTYPES = YES;
				CLANG_WARN_SUSPICIOUS_MOVE = YES;
				CLANG_WARN_UNGUARDED_AVAILABILITY = YES_AGGRESSIVE;
				CLANG_WARN_UNREACHABLE_CODE = YES;
				CLANG_WARN__DUPLICATE_METHOD_MATCH = YES;
				COPY_PHASE_STRIP = NO;
				DEBUG_INFORMATION_FORMAT = "dwarf-with-dsym";
				ENABLE_NS_ASSERTIONS = NO;
				ENABLE_STRICT_OBJC_MSGSEND = YES;
				GCC_C_LANGUAGE_STANDARD = gnu11;
				GCC_NO_COMMON_BLOCKS = YES;
				GCC_WARN_64_TO_32_BIT_CONVERSION = YES;
				GCC_WARN_ABOUT_RETURN_TYPE = YES_ERROR;
				GCC_WARN_UNDECLARED_SELECTOR = YES;
				GCC_WARN_UNINITIALIZED_AUTOS = YES_AGGRESSIVE;
				GCC_WARN_UNUSED_FUNCTION = YES;
				GCC_WARN_UNUSED_VARIABLE = YES;
				IPHONEOS_DEPLOYMENT_TARGET = 15.5;
				MTL_ENABLE_DEBUG_INFO = NO;
				MTL_FAST_MATH = YES;
				SDKROOT = iphoneos;
				SWIFT_COMPILATION_MODE = wholemodule;
				SWIFT_OPTIMIZATION_LEVEL = "-O";
				VALIDATE_PRODUCT = YES;
			};
			name = Release;
		};
		6882F13B28391505003F64B4 /* Debug */ = {
			isa = XCBuildConfiguration;
			buildSettings = {
				ASSETCATALOG_COMPILER_APPICON_NAME = AppIcon;
				ASSETCATALOG_COMPILER_GLOBAL_ACCENT_COLOR_NAME = AccentColor;
				CODE_SIGN_STYLE = Automatic;
				CURRENT_PROJECT_VERSION = 1;
				GENERATE_INFOPLIST_FILE = YES;
				INFOPLIST_FILE = RestorauntsApp/Info.plist;
				INFOPLIST_KEY_UIApplicationSupportsIndirectInputEvents = YES;
				INFOPLIST_KEY_UILaunchStoryboardName = LaunchScreen;
				INFOPLIST_KEY_UISupportedInterfaceOrientations_iPad = "UIInterfaceOrientationPortrait UIInterfaceOrientationPortraitUpsideDown UIInterfaceOrientationLandscapeLeft UIInterfaceOrientationLandscapeRight";
				INFOPLIST_KEY_UISupportedInterfaceOrientations_iPhone = "UIInterfaceOrientationPortrait UIInterfaceOrientationLandscapeLeft UIInterfaceOrientationLandscapeRight";
				LD_RUNPATH_SEARCH_PATHS = (
					"$(inherited)",
					"@executable_path/Frameworks",
				);
				MARKETING_VERSION = 1.0;
				PRODUCT_BUNDLE_IDENTIFIER = com.aprokharau.RestorauntsApp;
				PRODUCT_NAME = "$(TARGET_NAME)";
				SWIFT_EMIT_LOC_STRINGS = YES;
				SWIFT_VERSION = 5.0;
				TARGETED_DEVICE_FAMILY = "1,2";
			};
			name = Debug;
		};
		6882F13C28391505003F64B4 /* Release */ = {
			isa = XCBuildConfiguration;
			buildSettings = {
				ASSETCATALOG_COMPILER_APPICON_NAME = AppIcon;
				ASSETCATALOG_COMPILER_GLOBAL_ACCENT_COLOR_NAME = AccentColor;
				CODE_SIGN_STYLE = Automatic;
				CURRENT_PROJECT_VERSION = 1;
				GENERATE_INFOPLIST_FILE = YES;
				INFOPLIST_FILE = RestorauntsApp/Info.plist;
				INFOPLIST_KEY_UIApplicationSupportsIndirectInputEvents = YES;
				INFOPLIST_KEY_UILaunchStoryboardName = LaunchScreen;
				INFOPLIST_KEY_UISupportedInterfaceOrientations_iPad = "UIInterfaceOrientationPortrait UIInterfaceOrientationPortraitUpsideDown UIInterfaceOrientationLandscapeLeft UIInterfaceOrientationLandscapeRight";
				INFOPLIST_KEY_UISupportedInterfaceOrientations_iPhone = "UIInterfaceOrientationPortrait UIInterfaceOrientationLandscapeLeft UIInterfaceOrientationLandscapeRight";
				LD_RUNPATH_SEARCH_PATHS = (
					"$(inherited)",
					"@executable_path/Frameworks",
				);
				MARKETING_VERSION = 1.0;
				PRODUCT_BUNDLE_IDENTIFIER = com.aprokharau.RestorauntsApp;
				PRODUCT_NAME = "$(TARGET_NAME)";
				SWIFT_EMIT_LOC_STRINGS = YES;
				SWIFT_VERSION = 5.0;
				TARGETED_DEVICE_FAMILY = "1,2";
			};
			name = Release;
		};
		6882F13E28391505003F64B4 /* Debug */ = {
			isa = XCBuildConfiguration;
			buildSettings = {
				ALWAYS_EMBED_SWIFT_STANDARD_LIBRARIES = YES;
				BUNDLE_LOADER = "$(TEST_HOST)";
				CODE_SIGN_STYLE = Automatic;
				CURRENT_PROJECT_VERSION = 1;
				GENERATE_INFOPLIST_FILE = YES;
				IPHONEOS_DEPLOYMENT_TARGET = 15.5;
				MARKETING_VERSION = 1.0;
				PRODUCT_BUNDLE_IDENTIFIER = com.aprokharau.RestorauntsAppTests;
				PRODUCT_NAME = "$(TARGET_NAME)";
				SWIFT_EMIT_LOC_STRINGS = NO;
				SWIFT_VERSION = 5.0;
				TARGETED_DEVICE_FAMILY = "1,2";
				TEST_HOST = "$(BUILT_PRODUCTS_DIR)/RestorauntsApp.app/RestorauntsApp";
			};
			name = Debug;
		};
		6882F13F28391505003F64B4 /* Release */ = {
			isa = XCBuildConfiguration;
			buildSettings = {
				ALWAYS_EMBED_SWIFT_STANDARD_LIBRARIES = YES;
				BUNDLE_LOADER = "$(TEST_HOST)";
				CODE_SIGN_STYLE = Automatic;
				CURRENT_PROJECT_VERSION = 1;
				GENERATE_INFOPLIST_FILE = YES;
				IPHONEOS_DEPLOYMENT_TARGET = 15.5;
				MARKETING_VERSION = 1.0;
				PRODUCT_BUNDLE_IDENTIFIER = com.aprokharau.RestorauntsAppTests;
				PRODUCT_NAME = "$(TARGET_NAME)";
				SWIFT_EMIT_LOC_STRINGS = NO;
				SWIFT_VERSION = 5.0;
				TARGETED_DEVICE_FAMILY = "1,2";
				TEST_HOST = "$(BUILT_PRODUCTS_DIR)/RestorauntsApp.app/RestorauntsApp";
			};
			name = Release;
		};
		6882F14128391505003F64B4 /* Debug */ = {
			isa = XCBuildConfiguration;
			buildSettings = {
				ALWAYS_EMBED_SWIFT_STANDARD_LIBRARIES = YES;
				CODE_SIGN_STYLE = Automatic;
				CURRENT_PROJECT_VERSION = 1;
				GENERATE_INFOPLIST_FILE = YES;
				MARKETING_VERSION = 1.0;
				PRODUCT_BUNDLE_IDENTIFIER = com.aprokharau.RestorauntsAppUITests;
				PRODUCT_NAME = "$(TARGET_NAME)";
				SWIFT_EMIT_LOC_STRINGS = NO;
				SWIFT_VERSION = 5.0;
				TARGETED_DEVICE_FAMILY = "1,2";
				TEST_TARGET_NAME = RestorauntsApp;
			};
			name = Debug;
		};
		6882F14228391505003F64B4 /* Release */ = {
			isa = XCBuildConfiguration;
			buildSettings = {
				ALWAYS_EMBED_SWIFT_STANDARD_LIBRARIES = YES;
				CODE_SIGN_STYLE = Automatic;
				CURRENT_PROJECT_VERSION = 1;
				GENERATE_INFOPLIST_FILE = YES;
				MARKETING_VERSION = 1.0;
				PRODUCT_BUNDLE_IDENTIFIER = com.aprokharau.RestorauntsAppUITests;
				PRODUCT_NAME = "$(TARGET_NAME)";
				SWIFT_EMIT_LOC_STRINGS = NO;
				SWIFT_VERSION = 5.0;
				TARGETED_DEVICE_FAMILY = "1,2";
				TEST_TARGET_NAME = RestorauntsApp;
			};
			name = Release;
		};
/* End XCBuildConfiguration section */

/* Begin XCConfigurationList section */
		6882F10B283914FD003F64B4 /* Build configuration list for PBXProject "RestorauntsApp" */ = {
			isa = XCConfigurationList;
			buildConfigurations = (
				6882F13828391505003F64B4 /* Debug */,
				6882F13928391505003F64B4 /* Release */,
			);
			defaultConfigurationIsVisible = 0;
			defaultConfigurationName = Release;
		};
		6882F13A28391505003F64B4 /* Build configuration list for PBXNativeTarget "RestorauntsApp" */ = {
			isa = XCConfigurationList;
			buildConfigurations = (
				6882F13B28391505003F64B4 /* Debug */,
				6882F13C28391505003F64B4 /* Release */,
			);
			defaultConfigurationIsVisible = 0;
			defaultConfigurationName = Release;
		};
		6882F13D28391505003F64B4 /* Build configuration list for PBXNativeTarget "RestorauntsAppTests" */ = {
			isa = XCConfigurationList;
			buildConfigurations = (
				6882F13E28391505003F64B4 /* Debug */,
				6882F13F28391505003F64B4 /* Release */,
			);
			defaultConfigurationIsVisible = 0;
			defaultConfigurationName = Release;
		};
		6882F14028391505003F64B4 /* Build configuration list for PBXNativeTarget "RestorauntsAppUITests" */ = {
			isa = XCConfigurationList;
			buildConfigurations = (
				6882F14128391505003F64B4 /* Debug */,
				6882F14228391505003F64B4 /* Release */,
			);
			defaultConfigurationIsVisible = 0;
			defaultConfigurationName = Release;
		};
/* End XCConfigurationList section */
	};
	rootObject = 6882F108283914FD003F64B4 /* Project object */;
}
